
Microsoft Visual Studio Solution File, Format Version 12.00
# Visual Studio Version 16
VisualStudioVersion = 16.0.30011.22
MinimumVisualStudioVersion = 10.0.40219.1
Project("{FAE04EC0-301F-11D3-BF4B-00C04F79EFBC}") = "DiscordServices Docs", "DiscordServices Docs\DiscordServices Docs.csproj", "{773E5481-631C-4027-892D-D6255B38299F}"
EndProject
Global
	GlobalSection(SolutionConfigurationPlatforms) = preSolution
		Debug|Any CPU = Debug|Any CPU
		Release|Any CPU = Release|Any CPU
	EndGlobalSection
	GlobalSection(ProjectConfigurationPlatforms) = postSolution
		{773E5481-631C-4027-892D-D6255B38299F}.Debug|Any CPU.ActiveCfg = Debug|Any CPU
		{773E5481-631C-4027-892D-D6255B38299F}.Debug|Any CPU.Build.0 = Debug|Any CPU
		{773E5481-631C-4027-892D-D6255B38299F}.Release|Any CPU.ActiveCfg = Release|Any CPU
		{773E5481-631C-4027-892D-D6255B38299F}.Release|Any CPU.Build.0 = Release|Any CPU
	EndGlobalSection
	GlobalSection(SolutionProperties) = preSolution
		HideSolutionNode = FALSE
	EndGlobalSection
	GlobalSection(ExtensibilityGlobals) = postSolution
		SolutionGuid = {6F436AC2-E536-49B6-A975-C0C09812260D}
	EndGlobalSection
EndGlobal
